
Microsoft Visual Studio Solution File, Format Version 12.00
# Visual Studio Version 16
VisualStudioVersion = 16.0.30907.101
MinimumVisualStudioVersion = 10.0.40219.1
Project("{FAE04EC0-301F-11D3-BF4B-00C04F79EFBC}") = "Adv_WebDev_FinalProj", "Adv_WebDev_FinalProj\Adv_WebDev_FinalProj.csproj", "{483E386A-6667-42C4-97EB-495605BF3F3D}"
EndProject
Global
	GlobalSection(SolutionConfigurationPlatforms) = preSolution
		Debug|Any CPU = Debug|Any CPU
		Release|Any CPU = Release|Any CPU
	EndGlobalSection
	GlobalSection(ProjectConfigurationPlatforms) = postSolution
		{483E386A-6667-42C4-97EB-495605BF3F3D}.Debug|Any CPU.ActiveCfg = Debug|Any CPU
		{483E386A-6667-42C4-97EB-495605BF3F3D}.Debug|Any CPU.Build.0 = Debug|Any CPU
		{483E386A-6667-42C4-97EB-495605BF3F3D}.Release|Any CPU.ActiveCfg = Release|Any CPU
		{483E386A-6667-42C4-97EB-495605BF3F3D}.Release|Any CPU.Build.0 = Release|Any CPU
	EndGlobalSection
	GlobalSection(SolutionProperties) = preSolution
		HideSolutionNode = FALSE
	EndGlobalSection
	GlobalSection(ExtensibilityGlobals) = postSolution
		SolutionGuid = {05F0041F-984C-48B5-9E2E-0CB41E539A22}
	EndGlobalSection
EndGlobal
